
Microsoft Visual Studio Solution File, Format Version 12.00
# Visual Studio Version 16
VisualStudioVersion = 16.0.29424.173
MinimumVisualStudioVersion = 10.0.40219.1
Project("{FAE04EC0-301F-11D3-BF4B-00C04F79EFBC}") = "Proyecto1", "Proyecto1.csproj", "{885A47D6-3843-426C-9B92-0BEBB9D8CEE4}"
EndProject
Global
	GlobalSection(SolutionConfigurationPlatforms) = preSolution
		Debug|Any CPU = Debug|Any CPU
		Release|Any CPU = Release|Any CPU
	EndGlobalSection
	GlobalSection(ProjectConfigurationPlatforms) = postSolution
		{885A47D6-3843-426C-9B92-0BEBB9D8CEE4}.Debug|Any CPU.ActiveCfg = Debug|Any CPU
		{885A47D6-3843-426C-9B92-0BEBB9D8CEE4}.Debug|Any CPU.Build.0 = Debug|Any CPU
		{885A47D6-3843-426C-9B92-0BEBB9D8CEE4}.Release|Any CPU.ActiveCfg = Release|Any CPU
		{885A47D6-3843-426C-9B92-0BEBB9D8CEE4}.Release|Any CPU.Build.0 = Release|Any CPU
	EndGlobalSection
	GlobalSection(SolutionProperties) = preSolution
		HideSolutionNode = FALSE
	EndGlobalSection
	GlobalSection(ExtensibilityGlobals) = postSolution
		SolutionGuid = {8CC34EBE-7255-4530-B3B7-680F3883B2A9}
	EndGlobalSection
EndGlobal
